
Microsoft Visual Studio Solution File, Format Version 12.00
# Visual Studio Version 17
VisualStudioVersion = 17.7.34221.43
MinimumVisualStudioVersion = 10.0.40219.1
Project("{FAE04EC0-301F-11D3-BF4B-00C04F79EFBC}") = "sample.ChatApp.Client", "sample.ChatApp.Client\sample.ChatApp.Client.csproj", "{D482D6B7-B91B-4273-B15E-65D5B0DB06CE}"
EndProject
Project("{9A19103F-16F7-4668-BE54-9A1E7A4F7556}") = "sample.ChatApp.Shared", "..\sample.ChatApp.Server\sample.ChatApp.Shared\sample.ChatApp.Shared.csproj", "{86D31E9A-C1E5-4E6F-85F6-9B64208C467B}"
EndProject
Global
	GlobalSection(SolutionConfigurationPlatforms) = preSolution
		Debug|Any CPU = Debug|Any CPU
		Release|Any CPU = Release|Any CPU
	EndGlobalSection
	GlobalSection(ProjectConfigurationPlatforms) = postSolution
		{D482D6B7-B91B-4273-B15E-65D5B0DB06CE}.Debug|Any CPU.ActiveCfg = Debug|Any CPU
		{D482D6B7-B91B-4273-B15E-65D5B0DB06CE}.Debug|Any CPU.Build.0 = Debug|Any CPU
		{D482D6B7-B91B-4273-B15E-65D5B0DB06CE}.Release|Any CPU.ActiveCfg = Release|Any CPU
		{D482D6B7-B91B-4273-B15E-65D5B0DB06CE}.Release|Any CPU.Build.0 = Release|Any CPU
		{86D31E9A-C1E5-4E6F-85F6-9B64208C467B}.Debug|Any CPU.ActiveCfg = Debug|Any CPU
		{86D31E9A-C1E5-4E6F-85F6-9B64208C467B}.Debug|Any CPU.Build.0 = Debug|Any CPU
		{86D31E9A-C1E5-4E6F-85F6-9B64208C467B}.Release|Any CPU.ActiveCfg = Release|Any CPU
		{86D31E9A-C1E5-4E6F-85F6-9B64208C467B}.Release|Any CPU.Build.0 = Release|Any CPU
	EndGlobalSection
	GlobalSection(SolutionProperties) = preSolution
		HideSolutionNode = FALSE
	EndGlobalSection
	GlobalSection(ExtensibilityGlobals) = postSolution
		SolutionGuid = {8F6EDF17-A148-4D65-A187-D006DA15062A}
	EndGlobalSection
EndGlobal
