
Microsoft Visual Studio Solution File, Format Version 12.00
# Visual Studio Version 17
VisualStudioVersion = 17.7.34031.279
MinimumVisualStudioVersion = 10.0.40219.1
Project("{FAE04EC0-301F-11D3-BF4B-00C04F79EFBC}") = "MyAppServer", "MyAppServer\MyAppServer.csproj", "{C1D814AE-A3BB-406B-8338-BB02ADCD7C38}"
EndProject
Project("{9A19103F-16F7-4668-BE54-9A1E7A4F7556}") = "MyAppShared", "MyAppShared\MyAppShared.csproj", "{F1799AAC-1B04-4D61-BB57-95E42E30162B}"
EndProject
Global
	GlobalSection(SolutionConfigurationPlatforms) = preSolution
		Debug|Any CPU = Debug|Any CPU
		Release|Any CPU = Release|Any CPU
	EndGlobalSection
	GlobalSection(ProjectConfigurationPlatforms) = postSolution
		{C1D814AE-A3BB-406B-8338-BB02ADCD7C38}.Debug|Any CPU.ActiveCfg = Debug|Any CPU
		{C1D814AE-A3BB-406B-8338-BB02ADCD7C38}.Debug|Any CPU.Build.0 = Debug|Any CPU
		{C1D814AE-A3BB-406B-8338-BB02ADCD7C38}.Release|Any CPU.ActiveCfg = Release|Any CPU
		{C1D814AE-A3BB-406B-8338-BB02ADCD7C38}.Release|Any CPU.Build.0 = Release|Any CPU
		{F1799AAC-1B04-4D61-BB57-95E42E30162B}.Debug|Any CPU.ActiveCfg = Debug|Any CPU
		{F1799AAC-1B04-4D61-BB57-95E42E30162B}.Debug|Any CPU.Build.0 = Debug|Any CPU
		{F1799AAC-1B04-4D61-BB57-95E42E30162B}.Release|Any CPU.ActiveCfg = Release|Any CPU
		{F1799AAC-1B04-4D61-BB57-95E42E30162B}.Release|Any CPU.Build.0 = Release|Any CPU
	EndGlobalSection
	GlobalSection(SolutionProperties) = preSolution
		HideSolutionNode = FALSE
	EndGlobalSection
	GlobalSection(ExtensibilityGlobals) = postSolution
		SolutionGuid = {75E2F2A9-6C7D-42C1-91F2-46825730C7DE}
	EndGlobalSection
EndGlobal
