
Microsoft Visual Studio Solution File, Format Version 12.00
# Visual Studio Version 17
VisualStudioVersion = 17.7.34221.43
MinimumVisualStudioVersion = 10.0.40219.1
Project("{FAE04EC0-301F-11D3-BF4B-00C04F79EFBC}") = "sample.ChatApp.Server", "sample.ChatApp.Server\sample.ChatApp.Server.csproj", "{2EA131DA-4203-4876-88CD-E46A03D816BE}"
EndProject
Project("{FAE04EC0-301F-11D3-BF4B-00C04F79EFBC}") = "sample.ChatApp.Shared", "sample.ChatApp.Shared\sample.ChatApp.Shared.csproj", "{BF30F562-CB16-4CE7-9CC8-68D45D5B6688}"
EndProject
Global
	GlobalSection(SolutionConfigurationPlatforms) = preSolution
		Debug|Any CPU = Debug|Any CPU
		Release|Any CPU = Release|Any CPU
	EndGlobalSection
	GlobalSection(ProjectConfigurationPlatforms) = postSolution
		{2EA131DA-4203-4876-88CD-E46A03D816BE}.Debug|Any CPU.ActiveCfg = Debug|Any CPU
		{2EA131DA-4203-4876-88CD-E46A03D816BE}.Debug|Any CPU.Build.0 = Debug|Any CPU
		{2EA131DA-4203-4876-88CD-E46A03D816BE}.Release|Any CPU.ActiveCfg = Release|Any CPU
		{2EA131DA-4203-4876-88CD-E46A03D816BE}.Release|Any CPU.Build.0 = Release|Any CPU
		{BF30F562-CB16-4CE7-9CC8-68D45D5B6688}.Debug|Any CPU.ActiveCfg = Debug|Any CPU
		{BF30F562-CB16-4CE7-9CC8-68D45D5B6688}.Debug|Any CPU.Build.0 = Debug|Any CPU
		{BF30F562-CB16-4CE7-9CC8-68D45D5B6688}.Release|Any CPU.ActiveCfg = Release|Any CPU
		{BF30F562-CB16-4CE7-9CC8-68D45D5B6688}.Release|Any CPU.Build.0 = Release|Any CPU
	EndGlobalSection
	GlobalSection(SolutionProperties) = preSolution
		HideSolutionNode = FALSE
	EndGlobalSection
	GlobalSection(ExtensibilityGlobals) = postSolution
		SolutionGuid = {7E76B8D6-2F8E-4408-BE68-345F3A3048B2}
	EndGlobalSection
EndGlobal
